
Microsoft Visual Studio Solution File, Format Version 12.00
# Visual Studio 15
VisualStudioVersion = 15.0.28010.2036
MinimumVisualStudioVersion = 10.0.40219.1
Project("{8BC9CEB8-8B4A-11D0-8D11-00A0C91BC942}") = "GLFW", "ProGEN_Iter\ThirdParty\GLFW\GLFW.vcxproj", "{154B857C-0182-860D-AA6E-6C109684020F}"
EndProject
Project("{8BC9CEB8-8B4A-11D0-8D11-00A0C91BC942}") = "Glad", "ProGEN_Iter\ThirdParty\Glad\Glad.vcxproj", "{BDD6857C-A90D-870D-52FA-6C103E10030F}"
EndProject
Project("{8BC9CEB8-8B4A-11D0-8D11-00A0C91BC942}") = "ImGui", "ProGEN_Iter\ThirdParty\imgui\ImGui.vcxproj", "{C0FF640D-2C14-8DBE-F595-301E616989EF}"
EndProject
Project("{8BC9CEB8-8B4A-11D0-8D11-00A0C91BC942}") = "ProGEN_Iter", "ProGEN_Iter\ProGEN_Iter.vcxproj", "{43F293E9-AFA7-0CDF-389C-06B6A45003E3}"
EndProject
Project("{8BC9CEB8-8B4A-11D0-8D11-00A0C91BC942}") = "Sandbox", "Sandbox\Sandbox.vcxproj", "{F4C124E3-60A1-A37E-69B9-2E55D5170AE0}"
EndProject
Project("{2150E333-8FDC-42A3-9474-1A3956D46DE8}") = "Libraries", "Libraries", "{FCDB5653-87B6-4AC6-988C-587CEA5C6E7D}"
EndProject
Project("{2150E333-8FDC-42A3-9474-1A3956D46DE8}") = "Externals", "Externals", "{A4409783-2BF6-438F-8D12-96A7668A8EE0}"
EndProject
Project("{2150E333-8FDC-42A3-9474-1A3956D46DE8}") = "Apps", "Apps", "{452728D6-3DBA-4472-920C-FAF0477FA3E6}"
EndProject
Project("{8BC9CEB8-8B4A-11D0-8D11-00A0C91BC942}") = "MathLibrary", "proGEN_Iter\Libraries\MathLibrary\Math.vcxproj", "{04018BC8-C7F4-4684-8CD8-4AA25A6B7114}"
EndProject
Project("{8BC9CEB8-8B4A-11D0-8D11-00A0C91BC942}") = "Graphics", "proGEN_Iter\Libraries\Graphics\Graphics\Graphics.vcxproj", "{5A5EC8D6-9FAE-489E-955D-7C96123F89C3}"
EndProject
Global
	GlobalSection(SolutionConfigurationPlatforms) = preSolution
		Debug|x64 = Debug|x64
		Debug|x86 = Debug|x86
		Dist|x64 = Dist|x64
		Dist|x86 = Dist|x86
		Release|x64 = Release|x64
		Release|x86 = Release|x86
	EndGlobalSection
	GlobalSection(ProjectConfigurationPlatforms) = postSolution
		{154B857C-0182-860D-AA6E-6C109684020F}.Debug|x64.ActiveCfg = Debug|x64
		{154B857C-0182-860D-AA6E-6C109684020F}.Debug|x64.Build.0 = Debug|x64
		{154B857C-0182-860D-AA6E-6C109684020F}.Debug|x86.ActiveCfg = Debug|x64
		{154B857C-0182-860D-AA6E-6C109684020F}.Dist|x64.ActiveCfg = Dist|x64
		{154B857C-0182-860D-AA6E-6C109684020F}.Dist|x64.Build.0 = Dist|x64
		{154B857C-0182-860D-AA6E-6C109684020F}.Dist|x86.ActiveCfg = Dist|x64
		{154B857C-0182-860D-AA6E-6C109684020F}.Release|x64.ActiveCfg = Release|x64
		{154B857C-0182-860D-AA6E-6C109684020F}.Release|x64.Build.0 = Release|x64
		{154B857C-0182-860D-AA6E-6C109684020F}.Release|x86.ActiveCfg = Release|x64
		{BDD6857C-A90D-870D-52FA-6C103E10030F}.Debug|x64.ActiveCfg = Debug|x64
		{BDD6857C-A90D-870D-52FA-6C103E10030F}.Debug|x64.Build.0 = Debug|x64
		{BDD6857C-A90D-870D-52FA-6C103E10030F}.Debug|x86.ActiveCfg = Debug|x64
		{BDD6857C-A90D-870D-52FA-6C103E10030F}.Dist|x64.ActiveCfg = Dist|x64
		{BDD6857C-A90D-870D-52FA-6C103E10030F}.Dist|x64.Build.0 = Dist|x64
		{BDD6857C-A90D-870D-52FA-6C103E10030F}.Dist|x86.ActiveCfg = Dist|x64
		{BDD6857C-A90D-870D-52FA-6C103E10030F}.Release|x64.ActiveCfg = Release|x64
		{BDD6857C-A90D-870D-52FA-6C103E10030F}.Release|x64.Build.0 = Release|x64
		{BDD6857C-A90D-870D-52FA-6C103E10030F}.Release|x86.ActiveCfg = Release|x64
		{C0FF640D-2C14-8DBE-F595-301E616989EF}.Debug|x64.ActiveCfg = Debug|x64
		{C0FF640D-2C14-8DBE-F595-301E616989EF}.Debug|x64.Build.0 = Debug|x64
		{C0FF640D-2C14-8DBE-F595-301E616989EF}.Debug|x86.ActiveCfg = Debug|x64
		{C0FF640D-2C14-8DBE-F595-301E616989EF}.Dist|x64.ActiveCfg = Dist|x64
		{C0FF640D-2C14-8DBE-F595-301E616989EF}.Dist|x64.Build.0 = Dist|x64
		{C0FF640D-2C14-8DBE-F595-301E616989EF}.Dist|x86.ActiveCfg = Dist|x64
		{C0FF640D-2C14-8DBE-F595-301E616989EF}.Release|x64.ActiveCfg = Release|x64
		{C0FF640D-2C14-8DBE-F595-301E616989EF}.Release|x64.Build.0 = Release|x64
		{C0FF640D-2C14-8DBE-F595-301E616989EF}.Release|x86.ActiveCfg = Release|x64
		{43F293E9-AFA7-0CDF-389C-06B6A45003E3}.Debug|x64.ActiveCfg = Debug|x64
		{43F293E9-AFA7-0CDF-389C-06B6A45003E3}.Debug|x64.Build.0 = Debug|x64
		{43F293E9-AFA7-0CDF-389C-06B6A45003E3}.Debug|x86.ActiveCfg = Debug|x64
		{43F293E9-AFA7-0CDF-389C-06B6A45003E3}.Dist|x64.ActiveCfg = Dist|x64
		{43F293E9-AFA7-0CDF-389C-06B6A45003E3}.Dist|x64.Build.0 = Dist|x64
		{43F293E9-AFA7-0CDF-389C-06B6A45003E3}.Dist|x86.ActiveCfg = Dist|x64
		{43F293E9-AFA7-0CDF-389C-06B6A45003E3}.Release|x64.ActiveCfg = Release|x64
		{43F293E9-AFA7-0CDF-389C-06B6A45003E3}.Release|x64.Build.0 = Release|x64
		{43F293E9-AFA7-0CDF-389C-06B6A45003E3}.Release|x86.ActiveCfg = Release|x64
		{F4C124E3-60A1-A37E-69B9-2E55D5170AE0}.Debug|x64.ActiveCfg = Debug|x64
		{F4C124E3-60A1-A37E-69B9-2E55D5170AE0}.Debug|x64.Build.0 = Debug|x64
		{F4C124E3-60A1-A37E-69B9-2E55D5170AE0}.Debug|x86.ActiveCfg = Debug|x64
		{F4C124E3-60A1-A37E-69B9-2E55D5170AE0}.Dist|x64.ActiveCfg = Dist|x64
		{F4C124E3-60A1-A37E-69B9-2E55D5170AE0}.Dist|x64.Build.0 = Dist|x64
		{F4C124E3-60A1-A37E-69B9-2E55D5170AE0}.Dist|x86.ActiveCfg = Dist|x64
		{F4C124E3-60A1-A37E-69B9-2E55D5170AE0}.Release|x64.ActiveCfg = Release|x64
		{F4C124E3-60A1-A37E-69B9-2E55D5170AE0}.Release|x64.Build.0 = Release|x64
		{F4C124E3-60A1-A37E-69B9-2E55D5170AE0}.Release|x86.ActiveCfg = Release|x64
		{04018BC8-C7F4-4684-8CD8-4AA25A6B7114}.Debug|x64.ActiveCfg = Debug|x64
		{04018BC8-C7F4-4684-8CD8-4AA25A6B7114}.Debug|x64.Build.0 = Debug|x64
		{04018BC8-C7F4-4684-8CD8-4AA25A6B7114}.Debug|x86.ActiveCfg = Debug|Win32
		{04018BC8-C7F4-4684-8CD8-4AA25A6B7114}.Debug|x86.Build.0 = Debug|Win32
		{04018BC8-C7F4-4684-8CD8-4AA25A6B7114}.Dist|x64.ActiveCfg = Debug|x64
		{04018BC8-C7F4-4684-8CD8-4AA25A6B7114}.Dist|x64.Build.0 = Debug|x64
		{04018BC8-C7F4-4684-8CD8-4AA25A6B7114}.Dist|x86.ActiveCfg = Debug|Win32
		{04018BC8-C7F4-4684-8CD8-4AA25A6B7114}.Dist|x86.Build.0 = Debug|Win32
		{04018BC8-C7F4-4684-8CD8-4AA25A6B7114}.Release|x64.ActiveCfg = Release|x64
		{04018BC8-C7F4-4684-8CD8-4AA25A6B7114}.Release|x64.Build.0 = Release|x64
		{04018BC8-C7F4-4684-8CD8-4AA25A6B7114}.Release|x86.ActiveCfg = Release|Win32
		{04018BC8-C7F4-4684-8CD8-4AA25A6B7114}.Release|x86.Build.0 = Release|Win32
		{5A5EC8D6-9FAE-489E-955D-7C96123F89C3}.Debug|x64.ActiveCfg = Debug|x64
		{5A5EC8D6-9FAE-489E-955D-7C96123F89C3}.Debug|x64.Build.0 = Debug|x64
		{5A5EC8D6-9FAE-489E-955D-7C96123F89C3}.Debug|x86.ActiveCfg = Debug|Win32
		{5A5EC8D6-9FAE-489E-955D-7C96123F89C3}.Debug|x86.Build.0 = Debug|Win32
		{5A5EC8D6-9FAE-489E-955D-7C96123F89C3}.Dist|x64.ActiveCfg = Debug|x64
		{5A5EC8D6-9FAE-489E-955D-7C96123F89C3}.Dist|x64.Build.0 = Debug|x64
		{5A5EC8D6-9FAE-489E-955D-7C96123F89C3}.Dist|x86.ActiveCfg = Debug|Win32
		{5A5EC8D6-9FAE-489E-955D-7C96123F89C3}.Dist|x86.Build.0 = Debug|Win32
		{5A5EC8D6-9FAE-489E-955D-7C96123F89C3}.Release|x64.ActiveCfg = Release|x64
		{5A5EC8D6-9FAE-489E-955D-7C96123F89C3}.Release|x64.Build.0 = Release|x64
		{5A5EC8D6-9FAE-489E-955D-7C96123F89C3}.Release|x86.ActiveCfg = Release|Win32
		{5A5EC8D6-9FAE-489E-955D-7C96123F89C3}.Release|x86.Build.0 = Release|Win32
	EndGlobalSection
	GlobalSection(SolutionProperties) = preSolution
		HideSolutionNode = FALSE
	EndGlobalSection
	GlobalSection(NestedProjects) = preSolution
		{154B857C-0182-860D-AA6E-6C109684020F} = {A4409783-2BF6-438F-8D12-96A7668A8EE0}
		{BDD6857C-A90D-870D-52FA-6C103E10030F} = {A4409783-2BF6-438F-8D12-96A7668A8EE0}
		{C0FF640D-2C14-8DBE-F595-301E616989EF} = {A4409783-2BF6-438F-8D12-96A7668A8EE0}
		{F4C124E3-60A1-A37E-69B9-2E55D5170AE0} = {452728D6-3DBA-4472-920C-FAF0477FA3E6}
		{A4409783-2BF6-438F-8D12-96A7668A8EE0} = {FCDB5653-87B6-4AC6-988C-587CEA5C6E7D}
		{04018BC8-C7F4-4684-8CD8-4AA25A6B7114} = {FCDB5653-87B6-4AC6-988C-587CEA5C6E7D}
		{5A5EC8D6-9FAE-489E-955D-7C96123F89C3} = {FCDB5653-87B6-4AC6-988C-587CEA5C6E7D}
	EndGlobalSection
	GlobalSection(ExtensibilityGlobals) = postSolution
		SolutionGuid = {DCA214EA-0C00-4DC8-80CC-C99256E64D3E}
	EndGlobalSection
EndGlobal
