<?xml version="1.0" encoding="utf-8"?>
<Project ToolsVersion="4.0" xmlns="http://schemas.microsoft.com/developer/msbuild/2003">
  <ItemGroup>
    <Filter Include="Events">
      <UniqueIdentifier>{3A8963B1-262B-8E87-0FE6-A1DBFB2615D8}</UniqueIdentifier>
    </Filter>
    <Filter Include="Platform">
      <UniqueIdentifier>{2AC788B4-1694-E3BF-3FAD-D1672BD9184E}</UniqueIdentifier>
    </Filter>
    <Filter Include="Platform\Windows">
      <UniqueIdentifier>{64FBD71A-50F4-F66C-7926-DCF1657ED678}</UniqueIdentifier>
    </Filter>
    <Filter Include="Layers">
      <UniqueIdentifier>{3b025acd-b74c-41cf-a694-869a64188a45}</UniqueIdentifier>
    </Filter>
    <Filter Include="Engine_Core">
      <UniqueIdentifier>{0818f270-5ca1-474b-9231-cc8ad923eb20}</UniqueIdentifier>
    </Filter>
    <Filter Include="Logging">
      <UniqueIdentifier>{8975c089-4bf7-4d4f-a38d-4d3a012eece1}</UniqueIdentifier>
    </Filter>
  </ItemGroup>
  <ItemGroup>
    <ClInclude Include="src\Events\ApplicationEvent.h">
      <Filter>Events</Filter>
    </ClInclude>
    <ClInclude Include="src\Events\Event.h">
      <Filter>Events</Filter>
    </ClInclude>
    <ClInclude Include="src\Events\KeyEvent.h">
      <Filter>Events</Filter>
    </ClInclude>
    <ClInclude Include="src\Events\MouseEvent.h">
      <Filter>Events</Filter>
    </ClInclude>
    <ClInclude Include="src\Platform\Windows\WindowsInput.h">
      <Filter>Platform\Windows</Filter>
    </ClInclude>
    <ClInclude Include="src\Platform\Windows\WindowsKeyCodes.h">
      <Filter>Platform\Windows</Filter>
    </ClInclude>
    <ClInclude Include="src\Platform\Windows\WindowsMouseCodes.h">
      <Filter>Platform\Windows</Filter>
    </ClInclude>
    <ClInclude Include="src\Platform\Windows\WindowsWindow.h">
      <Filter>Platform\Windows</Filter>
    </ClInclude>
    <ClInclude Include="src\Layer.h">
      <Filter>Layers</Filter>
    </ClInclude>
    <ClInclude Include="src\imguiLayer.h">
      <Filter>Layers</Filter>
    </ClInclude>
    <ClInclude Include="src\LayerStack.h">
      <Filter>Layers</Filter>
    </ClInclude>
    <ClInclude Include="src\Application.h">
      <Filter>Engine_Core</Filter>
    </ClInclude>
    <ClInclude Include="src\Core.h">
      <Filter>Engine_Core</Filter>
    </ClInclude>
    <ClInclude Include="src\EntryPoint.h">
      <Filter>Engine_Core</Filter>
    </ClInclude>
    <ClInclude Include="src\GenPCH.h">
      <Filter>Engine_Core</Filter>
    </ClInclude>
    <ClInclude Include="src\Squak.h">
      <Filter>Logging</Filter>
    </ClInclude>
    <ClInclude Include="src\Window.h">
      <Filter>Engine_Core</Filter>
    </ClInclude>
    <ClInclude Include="src\Progenitor.h">
      <Filter>Engine_Core</Filter>
    </ClInclude>
    <ClInclude Include="src\Input.h">
      <Filter>Engine_Core</Filter>
    </ClInclude>
  </ItemGroup>
  <ItemGroup>
    <ClCompile Include="src\ImGuiBuild.cpp" />
    <ClCompile Include="src\Platform\Windows\WindowsInput.cpp">
      <Filter>Platform\Windows</Filter>
    </ClCompile>
    <ClCompile Include="src\Platform\Windows\WindowsWindow.cpp">
      <Filter>Platform\Windows</Filter>
    </ClCompile>
    <ClCompile Include="src\imguiLayer.cpp">
      <Filter>Layers</Filter>
    </ClCompile>
    <ClCompile Include="src\LayerStack.cpp">
      <Filter>Layers</Filter>
    </ClCompile>
    <ClCompile Include="src\Application.cpp">
      <Filter>Engine_Core</Filter>
    </ClCompile>
    <ClCompile Include="src\GenPCH.cpp">
      <Filter>Engine_Core</Filter>
    </ClCompile>
    <ClCompile Include="src\Squak.cpp">
      <Filter>Logging</Filter>
    </ClCompile>
  </ItemGroup>
</Project>